[[package]]
category = "main"
description = "Python command-line parsing library"
name = "argparse"
optional = false
python-versions = "*"
version = "1.4.0"

[[package]]
category = "dev"
description = "Classes Without Boilerplate"
name = "attrs"
optional = false
python-versions = ">=2.7, !=3.0.*, !=3.1.*, !=3.2.*, !=3.3.*"
version = "19.3.0"

[[package]]
category = "dev"
description = "Security oriented static analyser for python code."
name = "bandit"
optional = false
python-versions = "*"
version = "1.6.2"

[package.dependencies]
GitPython = ">=1.0.1"
PyYAML = ">=3.13"
colorama = ">=0.3.9"
six = ">=1.10.0"
stevedore = ">=1.20.0"

[[package]]
category = "dev"
description = "Python package for providing Mozilla's CA Bundle."
name = "certifi"
optional = false
python-versions = "*"
version = "2019.9.11"

[[package]]
category = "dev"
description = "Universal encoding detector for Python 2 and 3"
name = "chardet"
optional = false
python-versions = "*"
version = "3.0.4"

[[package]]
category = "dev"
description = "Composable command line interface toolkit"
name = "click"
optional = false
python-versions = ">=2.7, !=3.0.*, !=3.1.*, !=3.2.*, !=3.3.*"
version = "7.0"

[[package]]
category = "dev"
description = "Cross-platform colored terminal text."
marker = "platform_system == \"Windows\""
name = "colorama"
optional = false
python-versions = ">=2.7, !=3.0.*, !=3.1.*, !=3.2.*, !=3.3.*"
version = "0.4.1"

[[package]]
category = "dev"
description = "Dodgy: Searches for dodgy looking lines in Python code"
name = "dodgy"
optional = false
python-versions = "*"
version = "0.1.9"

[[package]]
category = "dev"
description = "A parser for Python dependency files"
name = "dparse"
optional = false
python-versions = "*"
version = "0.4.1"

[package.dependencies]
packaging = "*"
pyyaml = "*"
six = "*"

[[package]]
category = "dev"
description = "Discover and load entry points from installed packages."
name = "entrypoints"
optional = false
python-versions = ">=2.7"
version = "0.3"

[[package]]
category = "dev"
description = "the modular source code checker: pep8, pyflakes and co"
name = "flake8"
optional = false
python-versions = ">=2.7, !=3.0.*, !=3.1.*, !=3.2.*, !=3.3.*"
version = "3.7.9"

[package.dependencies]
entrypoints = ">=0.3.0,<0.4.0"
mccabe = ">=0.6.0,<0.7.0"
pycodestyle = ">=2.5.0,<2.6.0"
pyflakes = ">=2.1.0,<2.2.0"

[[package]]
category = "dev"
description = "Automated security testing with bandit and flake8."
name = "flake8-bandit"
optional = false
python-versions = "*"
version = "2.1.2"

[package.dependencies]
bandit = "*"
flake8 = "*"
flake8-polyfill = "*"
pycodestyle = "*"

[[package]]
category = "dev"
description = "A plugin for flake8 finding likely bugs and design problems in your program. Contains warnings that don't belong in pyflakes and pycodestyle."
name = "flake8-bugbear"
optional = false
python-versions = ">=3.6"
version = "20.1.2"

[package.dependencies]
attrs = ">=19.2.0"
flake8 = ">=3.0.0"

[[package]]
category = "dev"
description = "Flake8 and pylama plugin that checks the ordering of import statements."
name = "flake8-import-order"
optional = false
python-versions = "*"
version = "0.18.1"

[package.dependencies]
pycodestyle = "*"
setuptools = "*"

[[package]]
category = "dev"
description = "Polyfill package for Flake8 plugins"
name = "flake8-polyfill"
optional = false
python-versions = "*"
version = "1.0.2"

[package.dependencies]
flake8 = "*"

[[package]]
category = "dev"
description = "string format checker, plugin for flake8"
name = "flake8-string-format"
optional = false
python-versions = "*"
version = "0.2.3"

[package.dependencies]
flake8 = "*"

[[package]]
category = "dev"
description = "A flake8 plugin that helps you write tidier imports."
name = "flake8-tidy-imports"
optional = false
python-versions = ">=3.5"
version = "4.0.0"

[package.dependencies]
flake8 = ">=3.0,<3.2.0 || >3.2.0,<4"

[package.dependencies.importlib-metadata]
python = "<3.8"
version = "*"

[[package]]
category = "dev"
description = "TODO notes checker, plugin for flake8"
name = "flake8-todo"
optional = false
python-versions = "*"
version = "0.7"

[package.dependencies]
pycodestyle = ">=2.0.0,<3.0.0"

[[package]]
category = "dev"
description = "Git Object Database"
name = "gitdb2"
optional = false
python-versions = ">=2.7, !=3.0.*, !=3.1.*, !=3.2.*, !=3.3.*"
version = "2.0.6"

[package.dependencies]
smmap2 = ">=2.0.0"

[[package]]
category = "dev"
description = "Python Git Library"
name = "gitpython"
optional = false
python-versions = ">=3.0, !=3.0.*, !=3.1.*, !=3.2.*, !=3.3.*"
version = "3.0.4"

[package.dependencies]
gitdb2 = ">=2.0.0"

[[package]]
category = "dev"
description = "Internationalized Domain Names in Applications (IDNA)"
name = "idna"
optional = false
python-versions = ">=2.7, !=3.0.*, !=3.1.*, !=3.2.*, !=3.3.*"
version = "2.8"

[[package]]
category = "dev"
description = "Read metadata from Python packages"
marker = "python_version < \"3.8\""
name = "importlib-metadata"
optional = false
python-versions = ">=2.7,!=3.0,!=3.1,!=3.2,!=3.3"
version = "0.23"

[package.dependencies]
zipp = ">=0.5"

[[package]]
category = "dev"
description = "McCabe checker, plugin for flake8"
name = "mccabe"
optional = false
python-versions = "*"
version = "0.6.1"

[[package]]
category = "dev"
description = "More routines for operating on iterables, beyond itertools"
marker = "python_version < \"3.8\""
name = "more-itertools"
optional = false
python-versions = ">=3.4"
version = "7.2.0"

[[package]]
category = "dev"
description = "Core utilities for Python packages"
name = "packaging"
optional = false
python-versions = ">=2.7, !=3.0.*, !=3.1.*, !=3.2.*, !=3.3.*"
version = "19.2"

[package.dependencies]
pyparsing = ">=2.0.2"
six = "*"

[[package]]
category = "dev"
description = "Python Build Reasonableness"
name = "pbr"
optional = false
python-versions = "*"
version = "5.4.3"

[[package]]
category = "main"
description = "A simple Python library for easily displaying tabular data in a visually appealing ASCII table format"
name = "ptable"
optional = false
python-versions = "*"
version = "0.9.2"

[[package]]
category = "dev"
description = "Python style guide checker"
name = "pycodestyle"
optional = false
python-versions = ">=2.7, !=3.0.*, !=3.1.*, !=3.2.*, !=3.3.*"
version = "2.5.0"

[[package]]
category = "dev"
description = "passive checker of Python programs"
name = "pyflakes"
optional = false
python-versions = ">=2.7, !=3.0.*, !=3.1.*, !=3.2.*, !=3.3.*"
version = "2.1.1"

[[package]]
category = "dev"
description = "Python parsing module"
name = "pyparsing"
optional = false
python-versions = ">=2.6, !=3.0.*, !=3.1.*, !=3.2.*"
version = "2.4.4"

[[package]]
category = "dev"
description = "YAML parser and emitter for Python"
name = "pyyaml"
optional = false
python-versions = ">=2.7, !=3.0.*, !=3.1.*, !=3.2.*, !=3.3.*"
version = "5.1.2"

[[package]]
category = "dev"
description = "Python HTTP for Humans."
name = "requests"
optional = false
python-versions = ">=2.7, !=3.0.*, !=3.1.*, !=3.2.*, !=3.3.*, !=3.4.*"
version = "2.22.0"

[package.dependencies]
certifi = ">=2017.4.17"
chardet = ">=3.0.2,<3.1.0"
idna = ">=2.5,<2.9"
urllib3 = ">=1.21.1,<1.25.0 || >1.25.0,<1.25.1 || >1.25.1,<1.26"

[[package]]
category = "dev"
description = "Safety checks your installed dependencies for known security vulnerabilities."
name = "safety"
optional = false
python-versions = "*"
version = "1.8.5"

[package.dependencies]
Click = ">=6.0"
dparse = ">=0.4.1"
packaging = "*"
requests = "*"
setuptools = "*"

[[package]]
category = "dev"
description = "Python 2 and 3 compatibility utilities"
name = "six"
optional = false
python-versions = ">=2.6, !=3.0.*, !=3.1.*"
version = "1.13.0"

[[package]]
category = "dev"
description = "A pure Python implementation of a sliding window memory map manager"
name = "smmap2"
optional = false
python-versions = ">=2.7, !=3.0.*, !=3.1.*, !=3.2.*, !=3.3.*"
version = "2.0.5"

[[package]]
category = "dev"
description = "Manage dynamic plugins for Python applications"
name = "stevedore"
optional = false
python-versions = "*"
version = "1.31.0"

[package.dependencies]
pbr = ">=2.0.0,<2.1.0 || >2.1.0"
six = ">=1.10.0"

[[package]]
category = "dev"
description = "HTTP library with thread-safe connection pooling, file post, and more."
name = "urllib3"
optional = false
python-versions = ">=2.7, !=3.0.*, !=3.1.*, !=3.2.*, !=3.3.*, <4"
version = "1.25.6"

[[package]]
category = "dev"
description = "Backport of pathlib-compatible object wrapper for zip files"
marker = "python_version < \"3.8\""
name = "zipp"
optional = false
python-versions = ">=2.7"
version = "0.6.0"

[package.dependencies]
more-itertools = "*"

[metadata]
content-hash = "c66460c282f0a360323cefb8d003395a9d9d64f389cb69e7965e7c7c741291f6"
python-versions = "^3.7"

[metadata.hashes]
argparse = ["62b089a55be1d8949cd2bc7e0df0bddb9e028faefc8c32038cc84862aefdd6e4", "c31647edb69fd3d465a847ea3157d37bed1f95f19760b11a47aa91c04b666314"]
attrs = ["08a96c641c3a74e44eb59afb61a24f2cb9f4d7188748e76ba4bb5edfa3cb7d1c", "f7b7ce16570fe9965acd6d30101a28f62fb4a7f9e926b3bbc9b61f8b04247e72"]
bandit = ["336620e220cf2d3115877685e264477ff9d9abaeb0afe3dc7264f55fa17a3952", "41e75315853507aa145d62a78a2a6c5e3240fe14ee7c601459d0df9418196065"]
certifi = ["e4f3620cfea4f83eedc95b24abd9cd56f3c4b146dd0177e83a21b4eb49e21e50", "fd7c7c74727ddcf00e9acd26bba8da604ffec95bf1c2144e67aff7a8b50e6cef"]
chardet = ["84ab92ed1c4d4f16916e05906b6b75a6c0fb5db821cc65e70cbd64a3e2a5eaae", "fc323ffcaeaed0e0a02bf4d117757b98aed530d9ed4531e3e15460124c106691"]
click = ["2335065e6395b9e67ca716de5f7526736bfa6ceead690adf616d925bdc622b13", "5b94b49521f6456670fdb30cd82a4eca9412788a93fa6dd6df72c94d5a8ff2d7"]
colorama = ["05eed71e2e327246ad6b38c540c4a3117230b19679b875190486ddd2d721422d", "f8ac84de7840f5b9c4e3347b3c1eaa50f7e49c2b07596221daec5edaabbd7c48"]
dodgy = ["65e13cf878d7aff129f1461c13cb5fd1bb6dfe66bb5327e09379c3877763280c"]
dparse = ["00a5fdfa900629e5159bf3600d44905b333f4059a3366f28e0dbd13eeab17b19", "cef95156fa0adedaf042cd42f9990974bec76f25dfeca4dc01f381a243d5aa5b"]
entrypoints = ["589f874b313739ad35be6e0cd7efde2a4e9b6fea91edcc34e58ecbb8dbe56d19", "c70dd71abe5a8c85e55e12c19bd91ccfeec11a6e99044204511f9ed547d48451"]
flake8 = ["45681a117ecc81e870cbf1262835ae4af5e7a8b08e40b944a8a6e6b895914cfb", "49356e766643ad15072a789a20915d3c91dc89fd313ccd71802303fd67e4deca"]
flake8-bandit = ["687fc8da2e4a239b206af2e54a90093572a60d0954f3054e23690739b0b0de3b"]
flake8-bugbear = ["09a12ebe427279cf7aa9445114a68d83a6f0ffccdd4105368d6e85373541eb8f", "bc4a35972342256abddf84591fbb82f7360981db1b71e39a8ba0400e906239cf"]
flake8-import-order = ["90a80e46886259b9c396b578d75c749801a41ee969a235e163cfe1be7afd2543", "a28dc39545ea4606c1ac3c24e9d05c849c6e5444a50fb7e9cdd430fc94de6e92"]
flake8-polyfill = ["12be6a34ee3ab795b19ca73505e7b55826d5f6ad7230d31b18e106400169b9e9", "e44b087597f6da52ec6393a709e7108b2905317d0c0b744cdca6208e670d8eda"]
flake8-string-format = ["68ea72a1a5b75e7018cae44d14f32473c798cf73d75cbaed86c6a9a907b770b2", "774d56103d9242ed968897455ef49b7d6de272000cfa83de5814273a868832f1"]
flake8-tidy-imports = ["8aa34384b45137d4cf33f5818b8e7897dc903b1d1e10a503fa7dd193a9a710ba", "b26461561bcc80e8012e46846630ecf0aaa59314f362a94cb7800dfdb32fa413"]
flake8-todo = ["6e4c5491ff838c06fe5a771b0e95ee15fc005ca57196011011280fc834a85915"]
gitdb2 = ["1b6df1433567a51a4a9c1a5a0de977aa351a405cc56d7d35f3388bad1f630350", "96bbb507d765a7f51eb802554a9cfe194a174582f772e0d89f4e87288c288b7b"]
gitpython = ["3237caca1139d0a7aa072f6735f5fd2520de52195e0fa1d8b83a9b212a2498b2", "a7d6bef0775f66ba47f25911d285bcd692ce9053837ff48a120c2b8cf3a71389"]
idna = ["c357b3f628cf53ae2c4c05627ecc484553142ca23264e593d327bcde5e9c3407", "ea8b7f6188e6fa117537c3df7da9fc686d485087abf6ac197f9c46432f7e4a3c"]
importlib-metadata = ["aa18d7378b00b40847790e7c27e11673d7fed219354109d0e7b9e5b25dc3ad26", "d5f18a79777f3aa179c145737780282e27b508fc8fd688cb17c7a813e8bd39af"]
mccabe = ["ab8a6258860da4b6677da4bd2fe5dc2c659cff31b3ee4f7f5d64e79735b80d42", "dd8d182285a0fe56bace7f45b5e7d1a6ebcbf524e8f3bd87eb0f125271b8831f"]
more-itertools = ["409cd48d4db7052af495b09dec721011634af3753ae1ef92d2b32f73a745f832", "92b8c4b06dac4f0611c0729b2f2ede52b2e1bac1ab48f089c7ddc12e26bb60c4"]
packaging = ["28b924174df7a2fa32c1953825ff29c61e2f5e082343165438812f00d3a7fc47", "d9551545c6d761f3def1677baf08ab2a3ca17c56879e70fecba2fc4dde4ed108"]
pbr = ["2c8e420cd4ed4cec4e7999ee47409e876af575d4c35a45840d59e8b5f3155ab8", "b32c8ccaac7b1a20c0ce00ce317642e6cf231cf038f9875e0280e28af5bf7ac9"]
ptable = ["aa7fc151cb40f2dabcd2275ba6f7fd0ff8577a86be3365cd3fb297cbe09cc292"]
pycodestyle = ["95a2219d12372f05704562a14ec30bc76b05a5b297b21a5dfe3f6fac3491ae56", "e40a936c9a450ad81df37f549d676d127b1b66000a6c500caa2b085bc0ca976c"]
pyflakes = ["17dbeb2e3f4d772725c777fabc446d5634d1038f234e77343108ce445ea69ce0", "d976835886f8c5b31d47970ed689944a0262b5f3afa00a5a7b4dc81e5449f8a2"]
pyparsing = ["4acadc9a2b96c19fe00932a38ca63e601180c39a189a696abce1eaab641447e1", "61b5ed888beab19ddccab3478910e2076a6b5a0295dffc43021890e136edf764"]
pyyaml = ["0113bc0ec2ad727182326b61326afa3d1d8280ae1122493553fd6f4397f33df9", "01adf0b6c6f61bd11af6e10ca52b7d4057dd0be0343eb9283c878cf3af56aee4", "5124373960b0b3f4aa7df1707e63e9f109b5263eca5976c66e08b1c552d4eaf8", "5ca4f10adbddae56d824b2c09668e91219bb178a1eee1faa56af6f99f11bf696", "7907be34ffa3c5a32b60b95f4d95ea25361c951383a894fec31be7252b2b6f34", "7ec9b2a4ed5cad025c2278a1e6a19c011c80a3caaac804fd2d329e9cc2c287c9", "87ae4c829bb25b9fe99cf71fbb2140c448f534e24c998cc60f39ae4f94396a73", "9de9919becc9cc2ff03637872a440195ac4241c80536632fffeb6a1e25a74299", "a5a85b10e450c66b49f98846937e8cfca1db3127a9d5d1e31ca45c3d0bef4c5b", "b0997827b4f6a7c286c01c5f60384d218dca4ed7d9efa945c3e1aa623d5709ae", "b631ef96d3222e62861443cc89d6563ba3eeb816eeb96b2629345ab795e53681", "bf47c0607522fdbca6c9e817a6e81b08491de50f3766a7a0e6a5be7905961b41", "f81025eddd0327c7d4cfe9b62cf33190e1e736cc6e97502b3ec425f574b3e7a8"]
requests = ["11e007a8a2aa0323f5a921e9e6a2d7e4e67d9877e85773fba9ba6419025cbeb4", "9cf5292fcd0f598c671cfc1e0d7d1a7f13bb8085e9a590f48c010551dc6c4b31"]
safety = ["0a3a8a178a9c96242b224f033ee8d1d130c0448b0e6622d12deaf37f6c3b4e59", "5059f3ffab3648330548ea9c7403405bbfaf085b11235770825d14c58f24cb78"]
six = ["1f1b7d42e254082a9db6279deae68afb421ceba6158efa6131de7b3003ee93fd", "30f610279e8b2578cab6db20741130331735c781b56053c59c4076da27f06b66"]
smmap2 = ["0555a7bf4df71d1ef4218e4807bbf9b201f910174e6e08af2e138d4e517b4dde", "29a9ffa0497e7f2be94ca0ed1ca1aa3cd4cf25a1f6b4f5f87f74b46ed91d609a"]
stevedore = ["01d9f4beecf0fbd070ddb18e5efb10567801ba7ef3ddab0074f54e3cd4e91730", "e0739f9739a681c7a1fda76a102b65295e96a144ccdb552f2ae03c5f0abe8a14"]
urllib3 = ["3de946ffbed6e6746608990594d08faac602528ac7015ac28d33cee6a45b7398", "9a107b99a5393caf59c7aa3c1249c16e6879447533d0887f4336dde834c7be86"]
zipp = ["3718b1cbcd963c7d4c5511a8240812904164b7f381b647143a89d3b98f9bcd8e", "f06903e9f1f43b12d371004b4ac7b06ab39a44adc747266928ae6debfa7b3335"]
